
Microsoft Visual Studio Solution File, Format Version 12.00
# Visual Studio Version 16
VisualStudioVersion = 16.0.29911.84
MinimumVisualStudioVersion = 10.0.40219.1
Project("{FAE04EC0-301F-11D3-BF4B-00C04F79EFBC}") = "Qoollo.ClickHouse.Net", "Qoollo.ClickHouse.Net\Qoollo.ClickHouse.Net.csproj", "{A1C6BD73-6838-4768-AF24-1821B45F1769}"
EndProject
Global
	GlobalSection(SolutionConfigurationPlatforms) = preSolution
		Debug|Any CPU = Debug|Any CPU
		Release|Any CPU = Release|Any CPU
	EndGlobalSection
	GlobalSection(ProjectConfigurationPlatforms) = postSolution
		{A1C6BD73-6838-4768-AF24-1821B45F1769}.Debug|Any CPU.ActiveCfg = Debug|Any CPU
		{A1C6BD73-6838-4768-AF24-1821B45F1769}.Debug|Any CPU.Build.0 = Debug|Any CPU
		{A1C6BD73-6838-4768-AF24-1821B45F1769}.Release|Any CPU.ActiveCfg = Release|Any CPU
		{A1C6BD73-6838-4768-AF24-1821B45F1769}.Release|Any CPU.Build.0 = Release|Any CPU
	EndGlobalSection
	GlobalSection(SolutionProperties) = preSolution
		HideSolutionNode = FALSE
	EndGlobalSection
	GlobalSection(ExtensibilityGlobals) = postSolution
		SolutionGuid = {E710EEB6-E3AA-40BA-84AC-DC597126AE0B}
	EndGlobalSection
EndGlobal
